
Microsoft Visual Studio Solution File, Format Version 12.00
# Visual Studio Version 16
VisualStudioVersion = 16.0.31129.286
MinimumVisualStudioVersion = 10.0.40219.1
Project("{FAE04EC0-301F-11D3-BF4B-00C04F79EFBC}") = "ProjectTeamNET", "ProjectTeamNET\ProjectTeamNET.csproj", "{4B79F5B9-5309-4843-B2BB-A8C08D0787CF}"
EndProject
Global
	GlobalSection(SolutionConfigurationPlatforms) = preSolution
		Debug|Any CPU = Debug|Any CPU
		Release|Any CPU = Release|Any CPU
	EndGlobalSection
	GlobalSection(ProjectConfigurationPlatforms) = postSolution
		{4B79F5B9-5309-4843-B2BB-A8C08D0787CF}.Debug|Any CPU.ActiveCfg = Debug|Any CPU
		{4B79F5B9-5309-4843-B2BB-A8C08D0787CF}.Debug|Any CPU.Build.0 = Debug|Any CPU
		{4B79F5B9-5309-4843-B2BB-A8C08D0787CF}.Release|Any CPU.ActiveCfg = Release|Any CPU
		{4B79F5B9-5309-4843-B2BB-A8C08D0787CF}.Release|Any CPU.Build.0 = Release|Any CPU
	EndGlobalSection
	GlobalSection(SolutionProperties) = preSolution
		HideSolutionNode = FALSE
	EndGlobalSection
	GlobalSection(ExtensibilityGlobals) = postSolution
		SolutionGuid = {DB9DF23C-BAC8-46B2-94DA-7FA774748EC6}
	EndGlobalSection
EndGlobal
